// !$*UTF8*$!
{
	archiveVersion = 1;
	classes = {
	};
	objectVersion = 55;
	objects = {

/* Begin PBXBuildFile section */
		741373752819FBAF004B31A8 /* AppDelegate.swift in Sources */ = {isa = PBXBuildFile; fileRef = 741373742819FBAF004B31A8 /* AppDelegate.swift */; };
		741373772819FBAF004B31A8 /* SceneDelegate.swift in Sources */ = {isa = PBXBuildFile; fileRef = 741373762819FBAF004B31A8 /* SceneDelegate.swift */; };
		741373812819FBAF004B31A8 /* Assets.xcassets in Resources */ = {isa = PBXBuildFile; fileRef = 741373802819FBAF004B31A8 /* Assets.xcassets */; };
		741373842819FBAF004B31A8 /* LaunchScreen.storyboard in Resources */ = {isa = PBXBuildFile; fileRef = 741373822819FBAF004B31A8 /* LaunchScreen.storyboard */; };
		7413738D2819FBEA004B31A8 /* WatchlistViewController.swift in Sources */ = {isa = PBXBuildFile; fileRef = 7413738C2819FBEA004B31A8 /* WatchlistViewController.swift */; };
		7413738F2819FD4F004B31A8 /* SolanaGalleryAPI.swift in Sources */ = {isa = PBXBuildFile; fileRef = 7413738E2819FD4F004B31A8 /* SolanaGalleryAPI.swift */; };
		7413739A281A3EDB004B31A8 /* SolanaGallery.xcdatamodeld in Sources */ = {isa = PBXBuildFile; fileRef = 74137398281A3EDB004B31A8 /* SolanaGallery.xcdatamodeld */; };
		741373A1281A3FB7004B31A8 /* WatchlistItem+CoreDataClass.swift in Sources */ = {isa = PBXBuildFile; fileRef = 7413739F281A3FB7004B31A8 /* WatchlistItem+CoreDataClass.swift */; };
		741373A2281A3FB7004B31A8 /* WatchlistItem+CoreDataProperties.swift in Sources */ = {isa = PBXBuildFile; fileRef = 741373A0281A3FB7004B31A8 /* WatchlistItem+CoreDataProperties.swift */; };
		741373A5281A41C5004B31A8 /* CollectionStats.swift in Sources */ = {isa = PBXBuildFile; fileRef = 741373A4281A41C5004B31A8 /* CollectionStats.swift */; };
		741373A7281A41E9004B31A8 /* CollectionCount.swift in Sources */ = {isa = PBXBuildFile; fileRef = 741373A6281A41E9004B31A8 /* CollectionCount.swift */; };
		741373AA281A4233004B31A8 /* WatchlistViewModel.swift in Sources */ = {isa = PBXBuildFile; fileRef = 741373A9281A4233004B31A8 /* WatchlistViewModel.swift */; };
		741373AE281B65C4004B31A8 /* MainTabBarViewController.swift in Sources */ = {isa = PBXBuildFile; fileRef = 741373AD281B65C4004B31A8 /* MainTabBarViewController.swift */; };
		741373B0281B6DC4004B31A8 /* HomePageViewController.swift in Sources */ = {isa = PBXBuildFile; fileRef = 741373AF281B6DC4004B31A8 /* HomePageViewController.swift */; };
		745392B2281DD3EA003DE9CD /* WatchlistTableViewCell.swift in Sources */ = {isa = PBXBuildFile; fileRef = 745392B1281DD3EA003DE9CD /* WatchlistTableViewCell.swift */; };
		745392B5281DE154003DE9CD /* UIView+Extension.swift in Sources */ = {isa = PBXBuildFile; fileRef = 745392B4281DE154003DE9CD /* UIView+Extension.swift */; };
		745392B7281F7931003DE9CD /* UIFont+Extension.swift in Sources */ = {isa = PBXBuildFile; fileRef = 745392B6281F7931003DE9CD /* UIFont+Extension.swift */; };
		745392B9281F7A29003DE9CD /* DIN-D.ttf in Resources */ = {isa = PBXBuildFile; fileRef = 745392B8281F7A29003DE9CD /* DIN-D.ttf */; };
		745392BB281F7CDA003DE9CD /* UIColor+Extension.swift in Sources */ = {isa = PBXBuildFile; fileRef = 745392BA281F7CDA003DE9CD /* UIColor+Extension.swift */; };
		745392C828236452003DE9CD /* SearchViewController.swift in Sources */ = {isa = PBXBuildFile; fileRef = 745392C728236452003DE9CD /* SearchViewController.swift */; };
		745392CA28236530003DE9CD /* CollectionDetailViewController.swift in Sources */ = {isa = PBXBuildFile; fileRef = 745392C928236530003DE9CD /* CollectionDetailViewController.swift */; };
		745E143028261CEF00478A8D /* RxCocoa in Frameworks */ = {isa = PBXBuildFile; productRef = 745E142F28261CEF00478A8D /* RxCocoa */; };
		745E143228261CEF00478A8D /* RxSwift in Frameworks */ = {isa = PBXBuildFile; productRef = 745E143128261CEF00478A8D /* RxSwift */; };
/* End PBXBuildFile section */

/* Begin PBXFileReference section */
		741373712819FBAF004B31A8 /* SolanaGallery.app */ = {isa = PBXFileReference; explicitFileType = wrapper.application; includeInIndex = 0; path = SolanaGallery.app; sourceTree = BUILT_PRODUCTS_DIR; };
		741373742819FBAF004B31A8 /* AppDelegate.swift */ = {isa = PBXFileReference; lastKnownFileType = sourcecode.swift; path = AppDelegate.swift; sourceTree = "<group>"; };
		741373762819FBAF004B31A8 /* SceneDelegate.swift */ = {isa = PBXFileReference; lastKnownFileType = sourcecode.swift; path = SceneDelegate.swift; sourceTree = "<group>"; };
		741373802819FBAF004B31A8 /* Assets.xcassets */ = {isa = PBXFileReference; lastKnownFileType = folder.assetcatalog; path = Assets.xcassets; sourceTree = "<group>"; };
		741373832819FBAF004B31A8 /* Base */ = {isa = PBXFileReference; lastKnownFileType = file.storyboard; name = Base; path = Base.lproj/LaunchScreen.storyboard; sourceTree = "<group>"; };
		741373852819FBAF004B31A8 /* Info.plist */ = {isa = PBXFileReference; lastKnownFileType = text.plist.xml; path = Info.plist; sourceTree = "<group>"; };
		7413738C2819FBEA004B31A8 /* WatchlistViewController.swift */ = {isa = PBXFileReference; lastKnownFileType = sourcecode.swift; path = WatchlistViewController.swift; sourceTree = "<group>"; };
		7413738E2819FD4F004B31A8 /* SolanaGalleryAPI.swift */ = {isa = PBXFileReference; lastKnownFileType = sourcecode.swift; path = SolanaGalleryAPI.swift; sourceTree = "<group>"; };
		74137399281A3EDB004B31A8 /* SolanaGallery.xcdatamodel */ = {isa = PBXFileReference; lastKnownFileType = wrapper.xcdatamodel; path = SolanaGallery.xcdatamodel; sourceTree = "<group>"; };
		7413739F281A3FB7004B31A8 /* WatchlistItem+CoreDataClass.swift */ = {isa = PBXFileReference; lastKnownFileType = sourcecode.swift; path = "WatchlistItem+CoreDataClass.swift"; sourceTree = "<group>"; };
		741373A0281A3FB7004B31A8 /* WatchlistItem+CoreDataProperties.swift */ = {isa = PBXFileReference; lastKnownFileType = sourcecode.swift; path = "WatchlistItem+CoreDataProperties.swift"; sourceTree = "<group>"; };
		741373A4281A41C5004B31A8 /* CollectionStats.swift */ = {isa = PBXFileReference; lastKnownFileType = sourcecode.swift; path = CollectionStats.swift; sourceTree = "<group>"; };
		741373A6281A41E9004B31A8 /* CollectionCount.swift */ = {isa = PBXFileReference; lastKnownFileType = sourcecode.swift; path = CollectionCount.swift; sourceTree = "<group>"; };
		741373A9281A4233004B31A8 /* WatchlistViewModel.swift */ = {isa = PBXFileReference; lastKnownFileType = sourcecode.swift; path = WatchlistViewModel.swift; sourceTree = "<group>"; };
		741373AD281B65C4004B31A8 /* MainTabBarViewController.swift */ = {isa = PBXFileReference; lastKnownFileType = sourcecode.swift; path = MainTabBarViewController.swift; sourceTree = "<group>"; };
		741373AF281B6DC4004B31A8 /* HomePageViewController.swift */ = {isa = PBXFileReference; lastKnownFileType = sourcecode.swift; path = HomePageViewController.swift; sourceTree = "<group>"; };
		745392B1281DD3EA003DE9CD /* WatchlistTableViewCell.swift */ = {isa = PBXFileReference; lastKnownFileType = sourcecode.swift; path = WatchlistTableViewCell.swift; sourceTree = "<group>"; };
		745392B4281DE154003DE9CD /* UIView+Extension.swift */ = {isa = PBXFileReference; lastKnownFileType = sourcecode.swift; path = "UIView+Extension.swift"; sourceTree = "<group>"; };
		745392B6281F7931003DE9CD /* UIFont+Extension.swift */ = {isa = PBXFileReference; lastKnownFileType = sourcecode.swift; path = "UIFont+Extension.swift"; sourceTree = "<group>"; };
		745392B8281F7A29003DE9CD /* DIN-D.ttf */ = {isa = PBXFileReference; lastKnownFileType = file; name = "DIN-D.ttf"; path = "SolanaGallery/DIN-D.ttf"; sourceTree = SOURCE_ROOT; };
		745392BA281F7CDA003DE9CD /* UIColor+Extension.swift */ = {isa = PBXFileReference; lastKnownFileType = sourcecode.swift; path = "UIColor+Extension.swift"; sourceTree = "<group>"; };
		745392C6281F8DC4003DE9CD /* gradient.png */ = {isa = PBXFileReference; lastKnownFileType = image.png; name = gradient.png; path = ../../../../gradient.png; sourceTree = "<group>"; };
		745392C728236452003DE9CD /* SearchViewController.swift */ = {isa = PBXFileReference; lastKnownFileType = sourcecode.swift; path = SearchViewController.swift; sourceTree = "<group>"; };
		745392C928236530003DE9CD /* CollectionDetailViewController.swift */ = {isa = PBXFileReference; lastKnownFileType = sourcecode.swift; path = CollectionDetailViewController.swift; sourceTree = "<group>"; };
/* End PBXFileReference section */

/* Begin PBXFrameworksBuildPhase section */
		7413736E2819FBAF004B31A8 /* Frameworks */ = {
			isa = PBXFrameworksBuildPhase;
			buildActionMask = 2147483647;
			files = (
				745E143228261CEF00478A8D /* RxSwift in Frameworks */,
				745E143028261CEF00478A8D /* RxCocoa in Frameworks */,
			);
			runOnlyForDeploymentPostprocessing = 0;
		};
/* End PBXFrameworksBuildPhase section */

/* Begin PBXGroup section */
		741373682819FBAF004B31A8 = {
			isa = PBXGroup;
			children = (
				741373732819FBAF004B31A8 /* SolanaGallery */,
				741373722819FBAF004B31A8 /* Products */,
			);
			sourceTree = "<group>";
		};
		741373722819FBAF004B31A8 /* Products */ = {
			isa = PBXGroup;
			children = (
				741373712819FBAF004B31A8 /* SolanaGallery.app */,
			);
			name = Products;
			sourceTree = "<group>";
		};
		741373732819FBAF004B31A8 /* SolanaGallery */ = {
			isa = PBXGroup;
			children = (
				741373852819FBAF004B31A8 /* Info.plist */,
				741373822819FBAF004B31A8 /* LaunchScreen.storyboard */,
				741373742819FBAF004B31A8 /* AppDelegate.swift */,
				741373762819FBAF004B31A8 /* SceneDelegate.swift */,
				7413738E2819FD4F004B31A8 /* SolanaGalleryAPI.swift */,
				745392C2281F8D8F003DE9CD /* Assets */,
				74137397281A23F7004B31A8 /* Core Data */,
				745392B3281DE140003DE9CD /* Extensions */,
				741373A3281A41A8004B31A8 /* Models */,
				7413738B2819FBDB004B31A8 /* View Controllers */,
				741373A8281A4209004B31A8 /* View Models */,
				745392B0281DD3C7003DE9CD /* Views */,
			);
			path = SolanaGallery;
			sourceTree = "<group>";
		};
		7413738B2819FBDB004B31A8 /* View Controllers */ = {
			isa = PBXGroup;
			children = (
				741373AD281B65C4004B31A8 /* MainTabBarViewController.swift */,
				7413738C2819FBEA004B31A8 /* WatchlistViewController.swift */,
				741373AF281B6DC4004B31A8 /* HomePageViewController.swift */,
				745392C728236452003DE9CD /* SearchViewController.swift */,
				745392C928236530003DE9CD /* CollectionDetailViewController.swift */,
			);
			path = "View Controllers";
			sourceTree = "<group>";
		};
		74137397281A23F7004B31A8 /* Core Data */ = {
			isa = PBXGroup;
			children = (
				74137398281A3EDB004B31A8 /* SolanaGallery.xcdatamodeld */,
				7413739F281A3FB7004B31A8 /* WatchlistItem+CoreDataClass.swift */,
				741373A0281A3FB7004B31A8 /* WatchlistItem+CoreDataProperties.swift */,
			);
			path = "Core Data";
			sourceTree = "<group>";
		};
		741373A3281A41A8004B31A8 /* Models */ = {
			isa = PBXGroup;
			children = (
				741373A4281A41C5004B31A8 /* CollectionStats.swift */,
				741373A6281A41E9004B31A8 /* CollectionCount.swift */,
			);
			path = Models;
			sourceTree = "<group>";
		};
		741373A8281A4209004B31A8 /* View Models */ = {
			isa = PBXGroup;
			children = (
				741373A9281A4233004B31A8 /* WatchlistViewModel.swift */,
			);
			path = "View Models";
			sourceTree = "<group>";
		};
		745392B0281DD3C7003DE9CD /* Views */ = {
			isa = PBXGroup;
			children = (
				745392B1281DD3EA003DE9CD /* WatchlistTableViewCell.swift */,
				745392B8281F7A29003DE9CD /* DIN-D.ttf */,
			);
			path = Views;
			sourceTree = "<group>";
		};
		745392B3281DE140003DE9CD /* Extensions */ = {
			isa = PBXGroup;
			children = (
				745392B4281DE154003DE9CD /* UIView+Extension.swift */,
				745392B6281F7931003DE9CD /* UIFont+Extension.swift */,
				745392BA281F7CDA003DE9CD /* UIColor+Extension.swift */,
			);
			path = Extensions;
			sourceTree = "<group>";
		};
		745392C2281F8D8F003DE9CD /* Assets */ = {
			isa = PBXGroup;
			children = (
				741373802819FBAF004B31A8 /* Assets.xcassets */,
				745392C6281F8DC4003DE9CD /* gradient.png */,
			);
			path = Assets;
			sourceTree = "<group>";
		};
/* End PBXGroup section */

/* Begin PBXNativeTarget section */
		741373702819FBAF004B31A8 /* SolanaGallery */ = {
			isa = PBXNativeTarget;
			buildConfigurationList = 741373882819FBAF004B31A8 /* Build configuration list for PBXNativeTarget "SolanaGallery" */;
			buildPhases = (
				7413736D2819FBAF004B31A8 /* Sources */,
				7413736E2819FBAF004B31A8 /* Frameworks */,
				7413736F2819FBAF004B31A8 /* Resources */,
			);
			buildRules = (
			);
			dependencies = (
			);
			name = SolanaGallery;
			packageProductDependencies = (
				745E142F28261CEF00478A8D /* RxCocoa */,
				745E143128261CEF00478A8D /* RxSwift */,
			);
			productName = SolanaGallery;
			productReference = 741373712819FBAF004B31A8 /* SolanaGallery.app */;
			productType = "com.apple.product-type.application";
		};
/* End PBXNativeTarget section */

/* Begin PBXProject section */
		741373692819FBAF004B31A8 /* Project object */ = {
			isa = PBXProject;
			attributes = {
				BuildIndependentTargetsInParallel = 1;
				LastSwiftUpdateCheck = 1330;
				LastUpgradeCheck = 1330;
				TargetAttributes = {
					741373702819FBAF004B31A8 = {
						CreatedOnToolsVersion = 13.3.1;
					};
				};
			};
			buildConfigurationList = 7413736C2819FBAF004B31A8 /* Build configuration list for PBXProject "SolanaGallery" */;
			compatibilityVersion = "Xcode 13.0";
			developmentRegion = en;
			hasScannedForEncodings = 0;
			knownRegions = (
				en,
				Base,
			);
			mainGroup = 741373682819FBAF004B31A8;
			packageReferences = (
				745E142E28261CEF00478A8D /* XCRemoteSwiftPackageReference "RxSwift" */,
			);
			productRefGroup = 741373722819FBAF004B31A8 /* Products */;
			projectDirPath = "";
			projectRoot = "";
			targets = (
				741373702819FBAF004B31A8 /* SolanaGallery */,
			);
		};
/* End PBXProject section */

/* Begin PBXResourcesBuildPhase section */
		7413736F2819FBAF004B31A8 /* Resources */ = {
			isa = PBXResourcesBuildPhase;
			buildActionMask = 2147483647;
			files = (
				745392B9281F7A29003DE9CD /* DIN-D.ttf in Resources */,
				741373842819FBAF004B31A8 /* LaunchScreen.storyboard in Resources */,
				741373812819FBAF004B31A8 /* Assets.xcassets in Resources */,
			);
			runOnlyForDeploymentPostprocessing = 0;
		};
/* End PBXResourcesBuildPhase section */

/* Begin PBXSourcesBuildPhase section */
		7413736D2819FBAF004B31A8 /* Sources */ = {
			isa = PBXSourcesBuildPhase;
			buildActionMask = 2147483647;
			files = (
				7413738D2819FBEA004B31A8 /* WatchlistViewController.swift in Sources */,
				7413739A281A3EDB004B31A8 /* SolanaGallery.xcdatamodeld in Sources */,
				745392B7281F7931003DE9CD /* UIFont+Extension.swift in Sources */,
				745392C828236452003DE9CD /* SearchViewController.swift in Sources */,
				741373AA281A4233004B31A8 /* WatchlistViewModel.swift in Sources */,
				745392BB281F7CDA003DE9CD /* UIColor+Extension.swift in Sources */,
				745392B2281DD3EA003DE9CD /* WatchlistTableViewCell.swift in Sources */,
				7413738F2819FD4F004B31A8 /* SolanaGalleryAPI.swift in Sources */,
				741373A1281A3FB7004B31A8 /* WatchlistItem+CoreDataClass.swift in Sources */,
				741373752819FBAF004B31A8 /* AppDelegate.swift in Sources */,
				745392B5281DE154003DE9CD /* UIView+Extension.swift in Sources */,
				741373B0281B6DC4004B31A8 /* HomePageViewController.swift in Sources */,
				741373A5281A41C5004B31A8 /* CollectionStats.swift in Sources */,
				741373A7281A41E9004B31A8 /* CollectionCount.swift in Sources */,
				741373AE281B65C4004B31A8 /* MainTabBarViewController.swift in Sources */,
				741373A2281A3FB7004B31A8 /* WatchlistItem+CoreDataProperties.swift in Sources */,
				741373772819FBAF004B31A8 /* SceneDelegate.swift in Sources */,
				745392CA28236530003DE9CD /* CollectionDetailViewController.swift in Sources */,
			);
			runOnlyForDeploymentPostprocessing = 0;
		};
/* End PBXSourcesBuildPhase section */

/* Begin PBXVariantGroup section */
		741373822819FBAF004B31A8 /* LaunchScreen.storyboard */ = {
			isa = PBXVariantGroup;
			children = (
				741373832819FBAF004B31A8 /* Base */,
			);
			name = LaunchScreen.storyboard;
			sourceTree = "<group>";
		};
/* End PBXVariantGroup section */

/* Begin XCBuildConfiguration section */
		741373862819FBAF004B31A8 /* Debug */ = {
			isa = XCBuildConfiguration;
			buildSettings = {
				ALWAYS_SEARCH_USER_PATHS = NO;
				CLANG_ANALYZER_NONNULL = YES;
				CLANG_ANALYZER_NUMBER_OBJECT_CONVERSION = YES_AGGRESSIVE;
				CLANG_CXX_LANGUAGE_STANDARD = "gnu++17";
				CLANG_ENABLE_MODULES = YES;
				CLANG_ENABLE_OBJC_ARC = YES;
				CLANG_ENABLE_OBJC_WEAK = YES;
				CLANG_WARN_BLOCK_CAPTURE_AUTORELEASING = YES;
				CLANG_WARN_BOOL_CONVERSION = YES;
				CLANG_WARN_COMMA = YES;
				CLANG_WARN_CONSTANT_CONVERSION = YES;
				CLANG_WARN_DEPRECATED_OBJC_IMPLEMENTATIONS = YES;
				CLANG_WARN_DIRECT_OBJC_ISA_USAGE = YES_ERROR;
				CLANG_WARN_DOCUMENTATION_COMMENTS = YES;
				CLANG_WARN_EMPTY_BODY = YES;
				CLANG_WARN_ENUM_CONVERSION = YES;
				CLANG_WARN_INFINITE_RECURSION = YES;
				CLANG_WARN_INT_CONVERSION = YES;
				CLANG_WARN_NON_LITERAL_NULL_CONVERSION = YES;
				CLANG_WARN_OBJC_IMPLICIT_RETAIN_SELF = YES;
				CLANG_WARN_OBJC_LITERAL_CONVERSION = YES;
				CLANG_WARN_OBJC_ROOT_CLASS = YES_ERROR;
				CLANG_WARN_QUOTED_INCLUDE_IN_FRAMEWORK_HEADER = YES;
				CLANG_WARN_RANGE_LOOP_ANALYSIS = YES;
				CLANG_WARN_STRICT_PROTOTYPES = YES;
				CLANG_WARN_SUSPICIOUS_MOVE = YES;
				CLANG_WARN_UNGUARDED_AVAILABILITY = YES_AGGRESSIVE;
				CLANG_WARN_UNREACHABLE_CODE = YES;
				CLANG_WARN__DUPLICATE_METHOD_MATCH = YES;
				COPY_PHASE_STRIP = NO;
				DEBUG_INFORMATION_FORMAT = dwarf;
				ENABLE_STRICT_OBJC_MSGSEND = YES;
				ENABLE_TESTABILITY = YES;
				GCC_C_LANGUAGE_STANDARD = gnu11;
				GCC_DYNAMIC_NO_PIC = NO;
				GCC_NO_COMMON_BLOCKS = YES;
				GCC_OPTIMIZATION_LEVEL = 0;
				GCC_PREPROCESSOR_DEFINITIONS = (
					"DEBUG=1",
					"$(inherited)",
				);
				GCC_WARN_64_TO_32_BIT_CONVERSION = YES;
				GCC_WARN_ABOUT_RETURN_TYPE = YES_ERROR;
				GCC_WARN_UNDECLARED_SELECTOR = YES;
				GCC_WARN_UNINITIALIZED_AUTOS = YES_AGGRESSIVE;
				GCC_WARN_UNUSED_FUNCTION = YES;
				GCC_WARN_UNUSED_VARIABLE = YES;
				IPHONEOS_DEPLOYMENT_TARGET = 15.4;
				MTL_ENABLE_DEBUG_INFO = INCLUDE_SOURCE;
				MTL_FAST_MATH = YES;
				ONLY_ACTIVE_ARCH = YES;
				SDKROOT = iphoneos;
				SWIFT_ACTIVE_COMPILATION_CONDITIONS = DEBUG;
				SWIFT_OPTIMIZATION_LEVEL = "-Onone";
			};
			name = Debug;
		};
		741373872819FBAF004B31A8 /* Release */ = {
			isa = XCBuildConfiguration;
			buildSettings = {
				ALWAYS_SEARCH_USER_PATHS = NO;
				CLANG_ANALYZER_NONNULL = YES;
				CLANG_ANALYZER_NUMBER_OBJECT_CONVERSION = YES_AGGRESSIVE;
				CLANG_CXX_LANGUAGE_STANDARD = "gnu++17";
				CLANG_ENABLE_MODULES = YES;
				CLANG_ENABLE_OBJC_ARC = YES;
				CLANG_ENABLE_OBJC_WEAK = YES;
				CLANG_WARN_BLOCK_CAPTURE_AUTORELEASING = YES;
				CLANG_WARN_BOOL_CONVERSION = YES;
				CLANG_WARN_COMMA = YES;
				CLANG_WARN_CONSTANT_CONVERSION = YES;
				CLANG_WARN_DEPRECATED_OBJC_IMPLEMENTATIONS = YES;
				CLANG_WARN_DIRECT_OBJC_ISA_USAGE = YES_ERROR;
				CLANG_WARN_DOCUMENTATION_COMMENTS = YES;
				CLANG_WARN_EMPTY_BODY = YES;
				CLANG_WARN_ENUM_CONVERSION = YES;
				CLANG_WARN_INFINITE_RECURSION = YES;
				CLANG_WARN_INT_CONVERSION = YES;
				CLANG_WARN_NON_LITERAL_NULL_CONVERSION = YES;
				CLANG_WARN_OBJC_IMPLICIT_RETAIN_SELF = YES;
				CLANG_WARN_OBJC_LITERAL_CONVERSION = YES;
				CLANG_WARN_OBJC_ROOT_CLASS = YES_ERROR;
				CLANG_WARN_QUOTED_INCLUDE_IN_FRAMEWORK_HEADER = YES;
				CLANG_WARN_RANGE_LOOP_ANALYSIS = YES;
				CLANG_WARN_STRICT_PROTOTYPES = YES;
				CLANG_WARN_SUSPICIOUS_MOVE = YES;
				CLANG_WARN_UNGUARDED_AVAILABILITY = YES_AGGRESSIVE;
				CLANG_WARN_UNREACHABLE_CODE = YES;
				CLANG_WARN__DUPLICATE_METHOD_MATCH = YES;
				COPY_PHASE_STRIP = NO;
				DEBUG_INFORMATION_FORMAT = "dwarf-with-dsym";
				ENABLE_NS_ASSERTIONS = NO;
				ENABLE_STRICT_OBJC_MSGSEND = YES;
				GCC_C_LANGUAGE_STANDARD = gnu11;
				GCC_NO_COMMON_BLOCKS = YES;
				GCC_WARN_64_TO_32_BIT_CONVERSION = YES;
				GCC_WARN_ABOUT_RETURN_TYPE = YES_ERROR;
				GCC_WARN_UNDECLARED_SELECTOR = YES;
				GCC_WARN_UNINITIALIZED_AUTOS = YES_AGGRESSIVE;
				GCC_WARN_UNUSED_FUNCTION = YES;
				GCC_WARN_UNUSED_VARIABLE = YES;
				IPHONEOS_DEPLOYMENT_TARGET = 15.4;
				MTL_ENABLE_DEBUG_INFO = NO;
				MTL_FAST_MATH = YES;
				SDKROOT = iphoneos;
				SWIFT_COMPILATION_MODE = wholemodule;
				SWIFT_OPTIMIZATION_LEVEL = "-O";
				VALIDATE_PRODUCT = YES;
			};
			name = Release;
		};
		741373892819FBAF004B31A8 /* Debug */ = {
			isa = XCBuildConfiguration;
			buildSettings = {
				ASSETCATALOG_COMPILER_APPICON_NAME = AppIcon;
				ASSETCATALOG_COMPILER_GLOBAL_ACCENT_COLOR_NAME = AccentColor;
				CODE_SIGN_STYLE = Automatic;
				CURRENT_PROJECT_VERSION = 1;
				DEVELOPMENT_TEAM = 2SDN5A8D5U;
				GENERATE_INFOPLIST_FILE = YES;
				INFOPLIST_FILE = SolanaGallery/Info.plist;
				INFOPLIST_KEY_UIApplicationSupportsIndirectInputEvents = YES;
				INFOPLIST_KEY_UILaunchStoryboardName = LaunchScreen;
				INFOPLIST_KEY_UISupportedInterfaceOrientations_iPad = "UIInterfaceOrientationPortrait UIInterfaceOrientationPortraitUpsideDown UIInterfaceOrientationLandscapeLeft UIInterfaceOrientationLandscapeRight";
				INFOPLIST_KEY_UISupportedInterfaceOrientations_iPhone = "UIInterfaceOrientationPortrait UIInterfaceOrientationLandscapeLeft UIInterfaceOrientationLandscapeRight";
				LD_RUNPATH_SEARCH_PATHS = (
					"$(inherited)",
					"@executable_path/Frameworks",
				);
				MARKETING_VERSION = 1.0;
				PRODUCT_BUNDLE_IDENTIFIER = Solmeister.SolanaGallery;
				PRODUCT_NAME = "$(TARGET_NAME)";
				SWIFT_EMIT_LOC_STRINGS = YES;
				SWIFT_VERSION = 5.0;
				TARGETED_DEVICE_FAMILY = "1,2";
			};
			name = Debug;
		};
		7413738A2819FBAF004B31A8 /* Release */ = {
			isa = XCBuildConfiguration;
			buildSettings = {
				ASSETCATALOG_COMPILER_APPICON_NAME = AppIcon;
				ASSETCATALOG_COMPILER_GLOBAL_ACCENT_COLOR_NAME = AccentColor;
				CODE_SIGN_STYLE = Automatic;
				CURRENT_PROJECT_VERSION = 1;
				DEVELOPMENT_TEAM = 2SDN5A8D5U;
				GENERATE_INFOPLIST_FILE = YES;
				INFOPLIST_FILE = SolanaGallery/Info.plist;
				INFOPLIST_KEY_UIApplicationSupportsIndirectInputEvents = YES;
				INFOPLIST_KEY_UILaunchStoryboardName = LaunchScreen;
				INFOPLIST_KEY_UISupportedInterfaceOrientations_iPad = "UIInterfaceOrientationPortrait UIInterfaceOrientationPortraitUpsideDown UIInterfaceOrientationLandscapeLeft UIInterfaceOrientationLandscapeRight";
				INFOPLIST_KEY_UISupportedInterfaceOrientations_iPhone = "UIInterfaceOrientationPortrait UIInterfaceOrientationLandscapeLeft UIInterfaceOrientationLandscapeRight";
				LD_RUNPATH_SEARCH_PATHS = (
					"$(inherited)",
					"@executable_path/Frameworks",
				);
				MARKETING_VERSION = 1.0;
				PRODUCT_BUNDLE_IDENTIFIER = Solmeister.SolanaGallery;
				PRODUCT_NAME = "$(TARGET_NAME)";
				SWIFT_EMIT_LOC_STRINGS = YES;
				SWIFT_VERSION = 5.0;
				TARGETED_DEVICE_FAMILY = "1,2";
			};
			name = Release;
		};
/* End XCBuildConfiguration section */

/* Begin XCConfigurationList section */
		7413736C2819FBAF004B31A8 /* Build configuration list for PBXProject "SolanaGallery" */ = {
			isa = XCConfigurationList;
			buildConfigurations = (
				741373862819FBAF004B31A8 /* Debug */,
				741373872819FBAF004B31A8 /* Release */,
			);
			defaultConfigurationIsVisible = 0;
			defaultConfigurationName = Release;
		};
		741373882819FBAF004B31A8 /* Build configuration list for PBXNativeTarget "SolanaGallery" */ = {
			isa = XCConfigurationList;
			buildConfigurations = (
				741373892819FBAF004B31A8 /* Debug */,
				7413738A2819FBAF004B31A8 /* Release */,
			);
			defaultConfigurationIsVisible = 0;
			defaultConfigurationName = Release;
		};
/* End XCConfigurationList section */

/* Begin XCRemoteSwiftPackageReference section */
		745E142E28261CEF00478A8D /* XCRemoteSwiftPackageReference "RxSwift" */ = {
			isa = XCRemoteSwiftPackageReference;
			repositoryURL = "https://github.com/ReactiveX/RxSwift";
			requirement = {
				kind = upToNextMajorVersion;
				minimumVersion = 6.0.0;
			};
		};
/* End XCRemoteSwiftPackageReference section */

/* Begin XCSwiftPackageProductDependency section */
		745E142F28261CEF00478A8D /* RxCocoa */ = {
			isa = XCSwiftPackageProductDependency;
			package = 745E142E28261CEF00478A8D /* XCRemoteSwiftPackageReference "RxSwift" */;
			productName = RxCocoa;
		};
		745E143128261CEF00478A8D /* RxSwift */ = {
			isa = XCSwiftPackageProductDependency;
			package = 745E142E28261CEF00478A8D /* XCRemoteSwiftPackageReference "RxSwift" */;
			productName = RxSwift;
		};
/* End XCSwiftPackageProductDependency section */

/* Begin XCVersionGroup section */
		74137398281A3EDB004B31A8 /* SolanaGallery.xcdatamodeld */ = {
			isa = XCVersionGroup;
			children = (
				74137399281A3EDB004B31A8 /* SolanaGallery.xcdatamodel */,
			);
			currentVersion = 74137399281A3EDB004B31A8 /* SolanaGallery.xcdatamodel */;
			path = SolanaGallery.xcdatamodeld;
			sourceTree = "<group>";
			versionGroupType = wrapper.xcdatamodel;
		};
/* End XCVersionGroup section */
	};
	rootObject = 741373692819FBAF004B31A8 /* Project object */;
}
